<?xml version="1.0" encoding="utf-8"?>
<Project ToolsVersion="4.0" xmlns="http://schemas.microsoft.com/developer/msbuild/2003">
  <ItemGroup>
    <ClCompile Include="..\src\main.cpp" />
    <ClCompile Include="..\src\mge\behaviours\AbstractBehaviour.cpp" />
    <ClCompile Include="..\src\mge\behaviours\KeysBehaviour.cpp" />
    <ClCompile Include="..\src\mge\behaviours\RotatingBehaviour.cpp" />
    <ClCompile Include="..\src\mge\core\AbstractGame.cpp" />
    <ClCompile Include="..\src\mge\core\Camera.cpp" />
    <ClCompile Include="..\src\mge\core\GameObject.cpp" />
    <ClCompile Include="..\src\mge\core\Light.cpp" />
    <ClCompile Include="..\src\mge\core\Mesh.cpp" />
    <ClCompile Include="..\src\mge\core\Renderer.cpp" />
    <ClCompile Include="..\src\mge\core\ShaderProgram.cpp" />
    <ClCompile Include="..\src\mge\core\Texture.cpp" />
    <ClCompile Include="..\src\mge\core\World.cpp" />
    <ClCompile Include="..\src\mge\materials\AbstractMaterial.cpp" />
    <ClCompile Include="..\src\mge\materials\AnimationMaterial.cpp" />
    <ClCompile Include="..\src\mge\materials\ColorMaterial.cpp" />
    <ClCompile Include="..\src\mge\materials\TextureMaterial.cpp" />
    <ClCompile Include="..\src\mge\MGEDemo.cpp" />
    <ClCompile Include="..\src\mge\util\AudioManager.cpp" />
    <ClCompile Include="..\src\mge\util\Biome.cpp" />
    <ClCompile Include="..\src\mge\util\BiomeHandler.cpp" />
    <ClCompile Include="..\src\mge\util\DataManager.cpp" />
    <ClCompile Include="..\src\mge\util\DebugHud.cpp" />
    <ClCompile Include="..\src\mge\util\Lane.cpp" />
    <ClCompile Include="..\src\mge\util\MapGenerator.cpp" />
    <ClCompile Include="..\src\mge\util\ScoreManager.cpp" />
    <ClCompile Include="AbstractStaticCollider.cpp" />
    <ClCompile Include="Button.cpp" />
    <ClCompile Include="CollisionManager.cpp" />
    <ClCompile Include="Credits.cpp" />
    <ClCompile Include="CreditsButton.cpp" />
    <ClCompile Include="DynamicBoxCollider.cpp" />
    <ClCompile Include="EngineSettings.cpp" />
    <ClCompile Include="ExitButton.cpp" />
    <ClCompile Include="FileLoader.cpp" />
    <ClCompile Include="GameOverScreen.cpp" />
    <ClCompile Include="GameStateManager.cpp" />
    <ClCompile Include="GLLight.cpp" />
    <ClCompile Include="HudSprite.cpp" />
    <ClCompile Include="Level.cpp" />
    <ClCompile Include="LevelManager.cpp" />
    <ClCompile Include="LightParams.cpp" />
    <ClCompile Include="LoadingScreen.cpp" />
    <ClCompile Include="LuaAPI.cpp" />
    <ClCompile Include="LuaOperations.cpp" />
    <ClCompile Include="LuaScriptStruct.cpp" />
    <ClCompile Include="MapBuilder.cpp" />
    <ClCompile Include="Material.cpp" />
    <ClCompile Include="Menu.cpp" />
    <ClCompile Include="MenuButton.cpp" />
    <ClCompile Include="NextButton.cpp" />
    <ClCompile Include="NextStageButtoncpp.cpp" />
    <ClCompile Include="ObjectPool.cpp" />
    <ClCompile Include="Particle.cpp" />
    <ClCompile Include="ParticleEmitter.cpp" />
    <ClCompile Include="ParticleSystem.cpp" />
    <ClCompile Include="PlayButton.cpp" />
    <ClCompile Include="PlayerController.cpp" />
    <ClCompile Include="PresetHandler.cpp" />
    <ClCompile Include="HudText.cpp" />
    <ClCompile Include="RetryButton.cpp" />
    <ClCompile Include="ScoreBoard.cpp" />
    <ClCompile Include="ScoreBoardButton.cpp" />
    <ClCompile Include="ScriptableLuaObject.cpp" />
    <ClCompile Include="StageClear.cpp" />
    <ClCompile Include="StaticBoxCollider.cpp" />
    <ClCompile Include="StoryPanel.cpp" />
    <ClCompile Include="StoryPanelHandler.cpp" />
    <ClCompile Include="TextureMovingMaterial.cpp" />
    <ClCompile Include="Timer.cpp" />
    <ClCompile Include="WinScreen.cpp" />
    <ClCompile Include="Debug.cpp" />
  </ItemGroup>
  <ItemGroup>
    <ClInclude Include="..\src\glm.hpp" />
    <ClInclude Include="..\src\mge\behaviours\AbstractBehaviour.hpp" />
    <ClInclude Include="..\src\mge\behaviours\KeysBehaviour.hpp" />
    <ClInclude Include="..\src\mge\behaviours\RotatingBehaviour.hpp" />
    <ClInclude Include="..\src\mge\config.hpp" />
    <ClInclude Include="..\src\mge\core\AbstractGame.hpp" />
    <ClInclude Include="..\src\mge\core\Camera.hpp" />
    <ClInclude Include="..\src\mge\core\GameObject.hpp" />
    <ClInclude Include="..\src\mge\core\Light.hpp" />
    <ClInclude Include="..\src\mge\core\Mesh.hpp" />
    <ClInclude Include="..\src\mge\core\Renderer.hpp" />
    <ClInclude Include="..\src\mge\core\ShaderProgram.hpp" />
    <ClInclude Include="..\src\mge\core\Texture.hpp" />
    <ClInclude Include="..\src\mge\core\World.hpp" />
    <ClInclude Include="..\src\mge\materials\AbstractMaterial.hpp" />
    <ClInclude Include="..\src\mge\materials\AnimationMaterial.hpp" />
    <ClInclude Include="..\src\mge\materials\ColorMaterial.hpp" />
    <ClInclude Include="..\src\mge\materials\TextureMaterial.hpp" />
    <ClInclude Include="..\src\mge\MGEDemo.hpp" />
    <ClInclude Include="..\src\mge\util\AudioManager.h" />
    <ClInclude Include="..\src\mge\util\BiomeHandler.h" />
    <ClInclude Include="..\src\mge\util\DataManager.h" />
    <ClInclude Include="..\src\mge\util\DebugHud.hpp" />
    <ClInclude Include="..\src\mge\util\Lane.h" />
    <ClInclude Include="..\src\mge\util\MapGenerator.h" />
    <ClInclude Include="..\src\mge\util\ScoreManager.h" />
    <ClInclude Include="AbstractStaticCollider.hpp" />
    <ClInclude Include="Button.h" />
    <ClInclude Include="CollisionManager.hpp" />
    <ClInclude Include="Credits.h" />
    <ClInclude Include="CreditsButton.h" />
    <ClInclude Include="DynamicBoxCollider.hpp" />
    <ClInclude Include="EngineSettings.h" />
    <ClInclude Include="ExitButton.h" />
    <ClInclude Include="FileLoader.h" />
    <ClInclude Include="GameOverScreen.h" />
    <ClInclude Include="GameStateManager.h" />
    <ClInclude Include="GLLight.hpp" />
    <ClInclude Include="HudSprite.h" />
    <ClInclude Include="HudText.h" />
    <ClInclude Include="Level.h" />
    <ClInclude Include="LevelManager.h" />
    <ClInclude Include="LightParams.hpp" />
    <ClInclude Include="LoadingScreen.h" />
    <ClInclude Include="LuaAPI.h" />
    <ClInclude Include="LuaOperations.h" />
    <ClInclude Include="LuaScriptStruct.h" />
    <ClInclude Include="MapBuilder.h" />
    <ClInclude Include="Material.hpp" />
    <ClInclude Include="Menu.h" />
    <ClInclude Include="MenuButton.h" />
    <ClInclude Include="NextButton.h" />
    <ClInclude Include="NextStageButton.h" />
    <ClInclude Include="ObjectPool.hpp" />
    <ClInclude Include="Particle.h" />
    <ClInclude Include="ParticleEmitter.h" />
    <ClInclude Include="ParticleSystem.h" />
    <ClInclude Include="PlayButton.h" />
    <ClInclude Include="PlayerController.hpp" />
    <ClInclude Include="PresetHandler.hpp" />
    <ClInclude Include="RetryButton.h" />
    <ClInclude Include="ScoreBoard.h" />
    <ClInclude Include="ScoreBoardButton.h" />
    <ClInclude Include="ScriptableLuaObject.h" />
    <ClInclude Include="StageClear.h" />
    <ClInclude Include="StaticBoxCollider.hpp" />
    <ClInclude Include="StoryPanel.h" />
    <ClInclude Include="StoryPanelHandler.h" />
    <ClInclude Include="TextureMovingMaterial.h" />
    <ClInclude Include="Timer.h" />
    <ClInclude Include="WinScreen.h" />
    <ClInclude Include="Debug.h" />
  </ItemGroup>
</Project>