<?xml version="1.0" encoding="utf-8"?>
<Project ToolsVersion="4.0" xmlns="http://schemas.microsoft.com/developer/msbuild/2003">
  <ItemGroup>
    <ClCompile Include="..\src\main.cpp" />
    <ClCompile Include="..\src\mge\behaviours\AbstractBehaviour.cpp" />
    <ClCompile Include="..\src\mge\behaviours\KeysBehaviour.cpp" />
    <ClCompile Include="..\src\mge\behaviours\RotatingBehaviour.cpp" />
    <ClCompile Include="..\src\mge\core\AbstractGame.cpp" />
    <ClCompile Include="..\src\mge\core\Camera.cpp" />
    <ClCompile Include="..\src\mge\core\GameObject.cpp" />
    <ClCompile Include="..\src\mge\core\Light.cpp" />
    <ClCompile Include="..\src\mge\core\Mesh.cpp" />
    <ClCompile Include="..\src\mge\core\Renderer.cpp" />
    <ClCompile Include="..\src\mge\core\ShaderProgram.cpp" />
    <ClCompile Include="..\src\mge\core\Texture.cpp" />
    <ClCompile Include="..\src\mge\core\World.cpp" />
    <ClCompile Include="..\src\mge\materials\AbstractMaterial.cpp" />
    <ClCompile Include="..\src\mge\materials\AnimationMaterial.cpp" />
    <ClCompile Include="..\src\mge\materials\ColorMaterial.cpp" />
    <ClCompile Include="..\src\mge\materials\TextureMaterial.cpp" />
    <ClCompile Include="..\src\mge\MGEDemo.cpp" />
    <ClCompile Include="..\src\mge\util\AudioManager.cpp" />
    <ClCompile Include="..\src\mge\util\Biome.cpp" />
    <ClCompile Include="..\src\mge\util\BiomeHandler.cpp" />
    <ClCompile Include="..\src\mge\util\DebugHud.cpp" />
    <ClCompile Include="..\src\mge\util\Lane.cpp" />
    <ClCompile Include="..\src\mge\util\MapGenerator.cpp" />
    <ClCompile Include="AbstractStaticCollider.cpp" />
    <ClCompile Include="Button.cpp" />
    <ClCompile Include="CollisionManager.cpp" />
    <ClCompile Include="DynamicBoxCollider.cpp" />
    <ClCompile Include="EngineSettings.cpp" />
    <ClCompile Include="ExitButton.cpp" />
    <ClCompile Include="FileLoader.cpp" />
    <ClCompile Include="GameStateManager.cpp" />
    <ClCompile Include="GLLight.cpp" />
    <ClCompile Include="HudSprite.cpp" />
    <ClCompile Include="Level.cpp" />
    <ClCompile Include="LevelManager.cpp" />
    <ClCompile Include="LightParams.cpp" />
    <ClCompile Include="LuaAPI.cpp" />
    <ClCompile Include="LuaOperations.cpp" />
    <ClCompile Include="LuaScriptStruct.cpp" />
    <ClCompile Include="MapBuilder.cpp" />
    <ClCompile Include="Material.cpp" />
    <ClCompile Include="Menu.cpp" />
    <ClCompile Include="ObjectPool.cpp" />
    <ClCompile Include="PlayButton.cpp" />
    <ClCompile Include="PlayerController.cpp" />
    <ClCompile Include="PresetHandler.cpp" />
    <ClCompile Include="HudText.cpp" />
    <ClCompile Include="ScriptableLuaObject.cpp" />
    <ClCompile Include="StaticBoxCollider.cpp" />
    <ClCompile Include="TextureMovingMaterial.cpp" />
    <ClCompile Include="StoryPanelHandler.cpp">
      <Filter>NewFolder</Filter>
    </ClCompile>
    <ClCompile Include="StoryPanel.cpp">
      <Filter>NewFolder</Filter>
    </ClCompile>
    <ClCompile Include="NextButton.cpp">
      <Filter>NewFolder</Filter>
    </ClCompile>
    <ClCompile Include="Particle.cpp" />
    <ClCompile Include="ParticleEmitter.cpp" />
    <ClCompile Include="ParticleSystem.cpp" />
    <ClCompile Include="..\src\mge\util\DataManager.cpp" />
    <ClCompile Include="GameOverScreen.cpp">
      <Filter>NewFolder</Filter>
    </ClCompile>
    <ClCompile Include="RetryButton.cpp">
      <Filter>NewFolder</Filter>
    </ClCompile>
    <ClCompile Include="MenuButton.cpp">
      <Filter>NewFolder</Filter>
    </ClCompile>
    <ClCompile Include="StageClear.cpp">
      <Filter>NewFolder</Filter>
    </ClCompile>
    <ClCompile Include="NextStageButtoncpp.cpp">
      <Filter>NewFolder</Filter>
    </ClCompile>
    <ClCompile Include="WinScreen.cpp">
      <Filter>NewFolder</Filter>
    </ClCompile>
  </ItemGroup>
  <ItemGroup>
    <ClInclude Include="..\src\glm.hpp" />
    <ClInclude Include="..\src\mge\behaviours\AbstractBehaviour.hpp" />
    <ClInclude Include="..\src\mge\behaviours\KeysBehaviour.hpp" />
    <ClInclude Include="..\src\mge\behaviours\RotatingBehaviour.hpp" />
    <ClInclude Include="..\src\mge\config.hpp" />
    <ClInclude Include="..\src\mge\core\AbstractGame.hpp" />
    <ClInclude Include="..\src\mge\core\Camera.hpp" />
    <ClInclude Include="..\src\mge\core\GameObject.hpp" />
    <ClInclude Include="..\src\mge\core\Light.hpp" />
    <ClInclude Include="..\src\mge\core\Mesh.hpp" />
    <ClInclude Include="..\src\mge\core\Renderer.hpp" />
    <ClInclude Include="..\src\mge\core\ShaderProgram.hpp" />
    <ClInclude Include="..\src\mge\core\Texture.hpp" />
    <ClInclude Include="..\src\mge\core\World.hpp" />
    <ClInclude Include="..\src\mge\materials\AbstractMaterial.hpp" />
    <ClInclude Include="..\src\mge\materials\AnimationMaterial.hpp" />
    <ClInclude Include="..\src\mge\materials\ColorMaterial.hpp" />
    <ClInclude Include="..\src\mge\materials\TextureMaterial.hpp" />
    <ClInclude Include="..\src\mge\MGEDemo.hpp" />
    <ClInclude Include="..\src\mge\util\AudioManager.h" />
    <ClInclude Include="..\src\mge\util\BiomeHandler.h" />
    <ClInclude Include="..\src\mge\util\DebugHud.hpp" />
    <ClInclude Include="..\src\mge\util\Lane.h" />
    <ClInclude Include="..\src\mge\util\MapGenerator.h" />
    <ClInclude Include="AbstractStaticCollider.hpp" />
    <ClInclude Include="Button.h" />
    <ClInclude Include="CollisionManager.hpp" />
    <ClInclude Include="DynamicBoxCollider.hpp" />
    <ClInclude Include="EngineSettings.h" />
    <ClInclude Include="ExitButton.h" />
    <ClInclude Include="FileLoader.h" />
    <ClInclude Include="GameStateManager.h" />
    <ClInclude Include="GLLight.hpp" />
    <ClInclude Include="HudSprite.h" />
    <ClInclude Include="HudText.h" />
    <ClInclude Include="Level.h" />
    <ClInclude Include="LevelManager.h" />
    <ClInclude Include="LightParams.hpp" />
    <ClInclude Include="LuaAPI.h" />
    <ClInclude Include="LuaOperations.h" />
    <ClInclude Include="LuaScriptStruct.h" />
    <ClInclude Include="MapBuilder.h" />
    <ClInclude Include="Material.hpp" />
    <ClInclude Include="Menu.h" />
    <ClInclude Include="ObjectPool.hpp" />
    <ClInclude Include="PlayButton.h" />
    <ClInclude Include="PlayerController.hpp" />
    <ClInclude Include="PresetHandler.hpp" />
    <ClInclude Include="ScriptableLuaObject.h" />
    <ClInclude Include="StaticBoxCollider.hpp" />
    <ClInclude Include="TextureMovingMaterial.h" />
    <ClInclude Include="StoryPanelHandler.h">
      <Filter>NewFolder</Filter>
    </ClInclude>
    <ClInclude Include="StoryPanel.h">
      <Filter>NewFolder</Filter>
    </ClInclude>
    <ClInclude Include="NextButton.h">
      <Filter>NewFolder</Filter>
    </ClInclude>
    <ClInclude Include="GameOverScreen.h">
      <Filter>NewFolder</Filter>
    </ClInclude>
    <ClInclude Include="RetryButton.h">
      <Filter>NewFolder</Filter>
    </ClInclude>
    <ClInclude Include="MenuButton.h">
      <Filter>NewFolder</Filter>
    </ClInclude>
    <ClInclude Include="StageClear.h">
      <Filter>NewFolder</Filter>
    </ClInclude>
    <ClInclude Include="NextStageButton.h">
      <Filter>NewFolder</Filter>
    </ClInclude>
    <ClInclude Include="WinScreen.h">
      <Filter>NewFolder</Filter>
    </ClInclude>
  </ItemGroup>
  <ItemGroup>
    <Filter Include="NewFolder">
      <UniqueIdentifier>{35404faa-f81d-4ba8-a099-db1b207e481c}</UniqueIdentifier>
    </Filter>
    <ClInclude Include="Particle.h" />
    <ClInclude Include="ParticleEmitter.h" />
    <ClInclude Include="ParticleSystem.h" />
    <ClInclude Include="..\src\mge\util\DataManager.h" />
  </ItemGroup>
</Project>